
Microsoft Visual Studio Solution File, Format Version 12.00
# Visual Studio Version 17
VisualStudioVersion = 17.12.35527.113
MinimumVisualStudioVersion = 10.0.40219.1
Project("{FAE04EC0-301F-11D3-BF4B-00C04F79EFBC}") = "BankingEnumeration", "BankingEnumeration\BankingEnumeration.csproj", "{9F73BB2D-4A08-445B-BB31-8BECB93E195C}"
EndProject
Global
	GlobalSection(SolutionConfigurationPlatforms) = preSolution
		Debug|Any CPU = Debug|Any CPU
		Release|Any CPU = Release|Any CPU
	EndGlobalSection
	GlobalSection(ProjectConfigurationPlatforms) = postSolution
		{9F73BB2D-4A08-445B-BB31-8BECB93E195C}.Debug|Any CPU.ActiveCfg = Debug|Any CPU
		{9F73BB2D-4A08-445B-BB31-8BECB93E195C}.Debug|Any CPU.Build.0 = Debug|Any CPU
		{9F73BB2D-4A08-445B-BB31-8BECB93E195C}.Release|Any CPU.ActiveCfg = Release|Any CPU
		{9F73BB2D-4A08-445B-BB31-8BECB93E195C}.Release|Any CPU.Build.0 = Release|Any CPU
	EndGlobalSection
	GlobalSection(SolutionProperties) = preSolution
		HideSolutionNode = FALSE
	EndGlobalSection
EndGlobal
